# Versions the release was tested with (torch 2.9.1+cu128 comes from the base image).
transformers==5.19.0
tokenizers==0.23.2
safetensors==0.8.0
huggingface_hub==1.33.0
librosa==1.0.0
soundfile==0.14.0
numpy==2.5.3
einops==0.8.2
sentencepiece==0.2.2
africa-g2p==0.3.2
pyspellchecker==0.9.0
fastapi==0.143.0
uvicorn[standard]==0.54.0
python-multipart==0.0.32
scipy==1.18.1
numba==0.68.0
soxr==1.1.0
